
Microsoft Visual Studio Solution File, Format Version 12.00
# Visual Studio Version 16
VisualStudioVersion = 16.0.29306.81
MinimumVisualStudioVersion = 10.0.40219.1
Project("{FAE04EC0-301F-11D3-BF4B-00C04F79EFBC}") = "STAGIOPTR.Android", "STAGIOPTR\STAGIOPTR.Android\STAGIOPTR.Android.csproj", "{8954282A-AA36-48CC-8C54-837029491488}"
EndProject
Project("{FAE04EC0-301F-11D3-BF4B-00C04F79EFBC}") = "STAGIOPTR", "STAGIOPTR\STAGIOPTR\STAGIOPTR.csproj", "{989D9EC4-592F-4AFD-8979-61468AAA03CC}"
EndProject
Global
	GlobalSection(SolutionConfigurationPlatforms) = preSolution
		Debug|Any CPU = Debug|Any CPU
		Release|Any CPU = Release|Any CPU
	EndGlobalSection
	GlobalSection(ProjectConfigurationPlatforms) = postSolution
		{8954282A-AA36-48CC-8C54-837029491488}.Debug|Any CPU.ActiveCfg = Debug|Any CPU
		{8954282A-AA36-48CC-8C54-837029491488}.Debug|Any CPU.Build.0 = Debug|Any CPU
		{8954282A-AA36-48CC-8C54-837029491488}.Debug|Any CPU.Deploy.0 = Debug|Any CPU
		{8954282A-AA36-48CC-8C54-837029491488}.Release|Any CPU.ActiveCfg = Release|Any CPU
		{8954282A-AA36-48CC-8C54-837029491488}.Release|Any CPU.Build.0 = Release|Any CPU
		{8954282A-AA36-48CC-8C54-837029491488}.Release|Any CPU.Deploy.0 = Release|Any CPU
		{989D9EC4-592F-4AFD-8979-61468AAA03CC}.Debug|Any CPU.ActiveCfg = Debug|Any CPU
		{989D9EC4-592F-4AFD-8979-61468AAA03CC}.Debug|Any CPU.Build.0 = Debug|Any CPU
		{989D9EC4-592F-4AFD-8979-61468AAA03CC}.Debug|Any CPU.Deploy.0 = Debug|Any CPU
		{989D9EC4-592F-4AFD-8979-61468AAA03CC}.Release|Any CPU.ActiveCfg = Release|Any CPU
		{989D9EC4-592F-4AFD-8979-61468AAA03CC}.Release|Any CPU.Build.0 = Release|Any CPU
		{989D9EC4-592F-4AFD-8979-61468AAA03CC}.Release|Any CPU.Deploy.0 = Release|Any CPU
	EndGlobalSection
	GlobalSection(SolutionProperties) = preSolution
		HideSolutionNode = FALSE
	EndGlobalSection
	GlobalSection(ExtensibilityGlobals) = postSolution
		SolutionGuid = {B9B5ED41-DBD1-4B36-A0AE-36342A90F23E}
	EndGlobalSection
EndGlobal
